
Microsoft Visual Studio Solution File, Format Version 12.00
# Visual Studio Express 2012 for Windows 8
Project("{FAE04EC0-301F-11D3-BF4B-00C04F79EFBC}") = "Jupiter Broadcasting", "Jupiter Broadcasting\Jupiter Broadcasting.csproj", "{DD0226C8-C6DE-4AE2-9A00-B3B91490A69F}"
EndProject
Global
	GlobalSection(SolutionConfigurationPlatforms) = preSolution
		Debug|Any CPU = Debug|Any CPU
		Debug|ARM = Debug|ARM
		Debug|x64 = Debug|x64
		Debug|x86 = Debug|x86
		Release|Any CPU = Release|Any CPU
		Release|ARM = Release|ARM
		Release|x64 = Release|x64
		Release|x86 = Release|x86
	EndGlobalSection
	GlobalSection(ProjectConfigurationPlatforms) = postSolution
		{DD0226C8-C6DE-4AE2-9A00-B3B91490A69F}.Debug|Any CPU.ActiveCfg = Debug|Any CPU
		{DD0226C8-C6DE-4AE2-9A00-B3B91490A69F}.Debug|Any CPU.Build.0 = Debug|Any CPU
		{DD0226C8-C6DE-4AE2-9A00-B3B91490A69F}.Debug|Any CPU.Deploy.0 = Debug|Any CPU
		{DD0226C8-C6DE-4AE2-9A00-B3B91490A69F}.Debug|ARM.ActiveCfg = Debug|ARM
		{DD0226C8-C6DE-4AE2-9A00-B3B91490A69F}.Debug|ARM.Build.0 = Debug|ARM
		{DD0226C8-C6DE-4AE2-9A00-B3B91490A69F}.Debug|ARM.Deploy.0 = Debug|ARM
		{DD0226C8-C6DE-4AE2-9A00-B3B91490A69F}.Debug|x64.ActiveCfg = Debug|x64
		{DD0226C8-C6DE-4AE2-9A00-B3B91490A69F}.Debug|x64.Build.0 = Debug|x64
		{DD0226C8-C6DE-4AE2-9A00-B3B91490A69F}.Debug|x64.Deploy.0 = Debug|x64
		{DD0226C8-C6DE-4AE2-9A00-B3B91490A69F}.Debug|x86.ActiveCfg = Debug|x86
		{DD0226C8-C6DE-4AE2-9A00-B3B91490A69F}.Debug|x86.Build.0 = Debug|x86
		{DD0226C8-C6DE-4AE2-9A00-B3B91490A69F}.Debug|x86.Deploy.0 = Debug|x86
		{DD0226C8-C6DE-4AE2-9A00-B3B91490A69F}.Release|Any CPU.ActiveCfg = Release|Any CPU
		{DD0226C8-C6DE-4AE2-9A00-B3B91490A69F}.Release|Any CPU.Build.0 = Release|Any CPU
		{DD0226C8-C6DE-4AE2-9A00-B3B91490A69F}.Release|Any CPU.Deploy.0 = Release|Any CPU
		{DD0226C8-C6DE-4AE2-9A00-B3B91490A69F}.Release|ARM.ActiveCfg = Release|ARM
		{DD0226C8-C6DE-4AE2-9A00-B3B91490A69F}.Release|ARM.Build.0 = Release|ARM
		{DD0226C8-C6DE-4AE2-9A00-B3B91490A69F}.Release|ARM.Deploy.0 = Release|ARM
		{DD0226C8-C6DE-4AE2-9A00-B3B91490A69F}.Release|x64.ActiveCfg = Release|x64
		{DD0226C8-C6DE-4AE2-9A00-B3B91490A69F}.Release|x64.Build.0 = Release|x64
		{DD0226C8-C6DE-4AE2-9A00-B3B91490A69F}.Release|x64.Deploy.0 = Release|x64
		{DD0226C8-C6DE-4AE2-9A00-B3B91490A69F}.Release|x86.ActiveCfg = Release|x86
		{DD0226C8-C6DE-4AE2-9A00-B3B91490A69F}.Release|x86.Build.0 = Release|x86
		{DD0226C8-C6DE-4AE2-9A00-B3B91490A69F}.Release|x86.Deploy.0 = Release|x86
	EndGlobalSection
	GlobalSection(SolutionProperties) = preSolution
		HideSolutionNode = FALSE
	EndGlobalSection
EndGlobal
